// !$*UTF8*$!
{
	archiveVersion = 1;
	classes = {
	};
	objectVersion = 50;
	objects = {

/* Begin PBXBuildFile section */
		FB7AC3A822687E590090F90E /* AppDelegate.m in Sources */ = {isa = PBXBuildFile; fileRef = FB7AC3A722687E590090F90E /* AppDelegate.m */; };
		FB7AC3AB22687E590090F90E /* ViewController.m in Sources */ = {isa = PBXBuildFile; fileRef = FB7AC3AA22687E590090F90E /* ViewController.m */; };
		FB7AC3AE22687E590090F90E /* Main.storyboard in Resources */ = {isa = PBXBuildFile; fileRef = FB7AC3AC22687E590090F90E /* Main.storyboard */; };
		FB7AC3B022687E5A0090F90E /* Assets.xcassets in Resources */ = {isa = PBXBuildFile; fileRef = FB7AC3AF22687E5A0090F90E /* Assets.xcassets */; };
		FB7AC3B322687E5A0090F90E /* LaunchScreen.storyboard in Resources */ = {isa = PBXBuildFile; fileRef = FB7AC3B122687E5A0090F90E /* LaunchScreen.storyboard */; };
		FB7AC3B622687E5A0090F90E /* main.m in Sources */ = {isa = PBXBuildFile; fileRef = FB7AC3B522687E5A0090F90E /* main.m */; };
		FB7AC3BF2269C5A40090F90E /* PACPUMonitor.m in Sources */ = {isa = PBXBuildFile; fileRef = FB7AC3BE2269C5A40090F90E /* PACPUMonitor.m */; };
		FB7AC3C4226D56DC0090F90E /* PACallStack.m in Sources */ = {isa = PBXBuildFile; fileRef = FB7AC3C3226D56DC0090F90E /* PACallStack.m */; };
		FB7AC3D2226D5CC50090F90E /* FMDatabaseQueue.m in Sources */ = {isa = PBXBuildFile; fileRef = FB7AC3C8226D5CC50090F90E /* FMDatabaseQueue.m */; };
		FB7AC3D3226D5CC50090F90E /* FMDatabaseAdditions.m in Sources */ = {isa = PBXBuildFile; fileRef = FB7AC3CB226D5CC50090F90E /* FMDatabaseAdditions.m */; };
		FB7AC3D4226D5CC50090F90E /* FMDatabase.m in Sources */ = {isa = PBXBuildFile; fileRef = FB7AC3CC226D5CC50090F90E /* FMDatabase.m */; };
		FB7AC3D5226D5CC50090F90E /* FMDatabasePool.m in Sources */ = {isa = PBXBuildFile; fileRef = FB7AC3D0226D5CC50090F90E /* FMDatabasePool.m */; };
		FB7AC3D6226D5CC50090F90E /* FMResultSet.m in Sources */ = {isa = PBXBuildFile; fileRef = FB7AC3D1226D5CC50090F90E /* FMResultSet.m */; };
		FB7AC3D9226D5E320090F90E /* PACallStackModel.m in Sources */ = {isa = PBXBuildFile; fileRef = FB7AC3D8226D5E320090F90E /* PACallStackModel.m */; };
		FB7AC3DC226D5ED90090F90E /* PALagDB.m in Sources */ = {isa = PBXBuildFile; fileRef = FB7AC3DB226D5ED90090F90E /* PALagDB.m */; };
		FB7AC3DF226D5FCF0090F90E /* PACallTraceTimeCostModel.m in Sources */ = {isa = PBXBuildFile; fileRef = FB7AC3DE226D5FCF0090F90E /* PACallTraceTimeCostModel.m */; };
		FB7AC3E2226D96E50090F90E /* PACallTraceCore.c in Sources */ = {isa = PBXBuildFile; fileRef = FB7AC3E1226D96E50090F90E /* PACallTraceCore.c */; };
		FB7AC3E5226D97B70090F90E /* PACallTrace.m in Sources */ = {isa = PBXBuildFile; fileRef = FB7AC3E4226D97B70090F90E /* PACallTrace.m */; };
		FB7AC3E8226D9B580090F90E /* PALagMonitor.m in Sources */ = {isa = PBXBuildFile; fileRef = FB7AC3E7226D9B580090F90E /* PALagMonitor.m */; };
		FB7AC3EF227048980090F90E /* PASuspendResumeThread.m in Sources */ = {isa = PBXBuildFile; fileRef = FB7AC3EE227048980090F90E /* PASuspendResumeThread.m */; };
/* End PBXBuildFile section */

/* Begin PBXFileReference section */
		FB7AC3A322687E590090F90E /* PAMonitor.app */ = {isa = PBXFileReference; explicitFileType = wrapper.application; includeInIndex = 0; path = PAMonitor.app; sourceTree = BUILT_PRODUCTS_DIR; };
		FB7AC3A622687E590090F90E /* AppDelegate.h */ = {isa = PBXFileReference; lastKnownFileType = sourcecode.c.h; path = AppDelegate.h; sourceTree = "<group>"; };
		FB7AC3A722687E590090F90E /* AppDelegate.m */ = {isa = PBXFileReference; lastKnownFileType = sourcecode.c.objc; path = AppDelegate.m; sourceTree = "<group>"; };
		FB7AC3A922687E590090F90E /* ViewController.h */ = {isa = PBXFileReference; lastKnownFileType = sourcecode.c.h; path = ViewController.h; sourceTree = "<group>"; };
		FB7AC3AA22687E590090F90E /* ViewController.m */ = {isa = PBXFileReference; lastKnownFileType = sourcecode.c.objc; path = ViewController.m; sourceTree = "<group>"; };
		FB7AC3AD22687E590090F90E /* Base */ = {isa = PBXFileReference; lastKnownFileType = file.storyboard; name = Base; path = Base.lproj/Main.storyboard; sourceTree = "<group>"; };
		FB7AC3AF22687E5A0090F90E /* Assets.xcassets */ = {isa = PBXFileReference; lastKnownFileType = folder.assetcatalog; path = Assets.xcassets; sourceTree = "<group>"; };
		FB7AC3B222687E5A0090F90E /* Base */ = {isa = PBXFileReference; lastKnownFileType = file.storyboard; name = Base; path = Base.lproj/LaunchScreen.storyboard; sourceTree = "<group>"; };
		FB7AC3B422687E5A0090F90E /* Info.plist */ = {isa = PBXFileReference; lastKnownFileType = text.plist.xml; path = Info.plist; sourceTree = "<group>"; };
		FB7AC3B522687E5A0090F90E /* main.m */ = {isa = PBXFileReference; lastKnownFileType = sourcecode.c.objc; path = main.m; sourceTree = "<group>"; };
		FB7AC3BD2269C5A40090F90E /* PACPUMonitor.h */ = {isa = PBXFileReference; lastKnownFileType = sourcecode.c.h; path = PACPUMonitor.h; sourceTree = "<group>"; };
		FB7AC3BE2269C5A40090F90E /* PACPUMonitor.m */ = {isa = PBXFileReference; lastKnownFileType = sourcecode.c.objc; path = PACPUMonitor.m; sourceTree = "<group>"; };
		FB7AC3C0226D513A0090F90E /* PAMonitorPrefix.pch */ = {isa = PBXFileReference; lastKnownFileType = sourcecode.c.h; path = PAMonitorPrefix.pch; sourceTree = "<group>"; };
		FB7AC3C1226D56990090F90E /* PACallLib.h */ = {isa = PBXFileReference; lastKnownFileType = sourcecode.c.h; path = PACallLib.h; sourceTree = "<group>"; };
		FB7AC3C2226D56DC0090F90E /* PACallStack.h */ = {isa = PBXFileReference; lastKnownFileType = sourcecode.c.h; path = PACallStack.h; sourceTree = "<group>"; };
		FB7AC3C3226D56DC0090F90E /* PACallStack.m */ = {isa = PBXFileReference; lastKnownFileType = sourcecode.c.objc; path = PACallStack.m; sourceTree = "<group>"; };
		FB7AC3C7226D5CC50090F90E /* FMDatabase.h */ = {isa = PBXFileReference; fileEncoding = 4; lastKnownFileType = sourcecode.c.h; path = FMDatabase.h; sourceTree = "<group>"; };
		FB7AC3C8226D5CC50090F90E /* FMDatabaseQueue.m */ = {isa = PBXFileReference; fileEncoding = 4; lastKnownFileType = sourcecode.c.objc; path = FMDatabaseQueue.m; sourceTree = "<group>"; };
		FB7AC3C9226D5CC50090F90E /* FMResultSet.h */ = {isa = PBXFileReference; fileEncoding = 4; lastKnownFileType = sourcecode.c.h; path = FMResultSet.h; sourceTree = "<group>"; };
		FB7AC3CA226D5CC50090F90E /* FMDatabasePool.h */ = {isa = PBXFileReference; fileEncoding = 4; lastKnownFileType = sourcecode.c.h; path = FMDatabasePool.h; sourceTree = "<group>"; };
		FB7AC3CB226D5CC50090F90E /* FMDatabaseAdditions.m */ = {isa = PBXFileReference; fileEncoding = 4; lastKnownFileType = sourcecode.c.objc; path = FMDatabaseAdditions.m; sourceTree = "<group>"; };
		FB7AC3CC226D5CC50090F90E /* FMDatabase.m */ = {isa = PBXFileReference; fileEncoding = 4; lastKnownFileType = sourcecode.c.objc; path = FMDatabase.m; sourceTree = "<group>"; };
		FB7AC3CD226D5CC50090F90E /* FMDatabaseQueue.h */ = {isa = PBXFileReference; fileEncoding = 4; lastKnownFileType = sourcecode.c.h; path = FMDatabaseQueue.h; sourceTree = "<group>"; };
		FB7AC3CE226D5CC50090F90E /* FMDB.h */ = {isa = PBXFileReference; fileEncoding = 4; lastKnownFileType = sourcecode.c.h; path = FMDB.h; sourceTree = "<group>"; };
		FB7AC3CF226D5CC50090F90E /* FMDatabaseAdditions.h */ = {isa = PBXFileReference; fileEncoding = 4; lastKnownFileType = sourcecode.c.h; path = FMDatabaseAdditions.h; sourceTree = "<group>"; };
		FB7AC3D0226D5CC50090F90E /* FMDatabasePool.m */ = {isa = PBXFileReference; fileEncoding = 4; lastKnownFileType = sourcecode.c.objc; path = FMDatabasePool.m; sourceTree = "<group>"; };
		FB7AC3D1226D5CC50090F90E /* FMResultSet.m */ = {isa = PBXFileReference; fileEncoding = 4; lastKnownFileType = sourcecode.c.objc; path = FMResultSet.m; sourceTree = "<group>"; };
		FB7AC3D7226D5E320090F90E /* PACallStackModel.h */ = {isa = PBXFileReference; lastKnownFileType = sourcecode.c.h; path = PACallStackModel.h; sourceTree = "<group>"; };
		FB7AC3D8226D5E320090F90E /* PACallStackModel.m */ = {isa = PBXFileReference; lastKnownFileType = sourcecode.c.objc; path = PACallStackModel.m; sourceTree = "<group>"; };
		FB7AC3DA226D5ED90090F90E /* PALagDB.h */ = {isa = PBXFileReference; lastKnownFileType = sourcecode.c.h; path = PALagDB.h; sourceTree = "<group>"; };
		FB7AC3DB226D5ED90090F90E /* PALagDB.m */ = {isa = PBXFileReference; lastKnownFileType = sourcecode.c.objc; path = PALagDB.m; sourceTree = "<group>"; };
		FB7AC3DD226D5FCF0090F90E /* PACallTraceTimeCostModel.h */ = {isa = PBXFileReference; lastKnownFileType = sourcecode.c.h; path = PACallTraceTimeCostModel.h; sourceTree = "<group>"; };
		FB7AC3DE226D5FCF0090F90E /* PACallTraceTimeCostModel.m */ = {isa = PBXFileReference; lastKnownFileType = sourcecode.c.objc; path = PACallTraceTimeCostModel.m; sourceTree = "<group>"; };
		FB7AC3E0226D96E50090F90E /* PACallTraceCore.h */ = {isa = PBXFileReference; lastKnownFileType = sourcecode.c.h; path = PACallTraceCore.h; sourceTree = "<group>"; };
		FB7AC3E1226D96E50090F90E /* PACallTraceCore.c */ = {isa = PBXFileReference; lastKnownFileType = sourcecode.c.c; path = PACallTraceCore.c; sourceTree = "<group>"; };
		FB7AC3E3226D97B70090F90E /* PACallTrace.h */ = {isa = PBXFileReference; lastKnownFileType = sourcecode.c.h; path = PACallTrace.h; sourceTree = "<group>"; };
		FB7AC3E4226D97B70090F90E /* PACallTrace.m */ = {isa = PBXFileReference; lastKnownFileType = sourcecode.c.objc; path = PACallTrace.m; sourceTree = "<group>"; };
		FB7AC3E6226D9B580090F90E /* PALagMonitor.h */ = {isa = PBXFileReference; lastKnownFileType = sourcecode.c.h; path = PALagMonitor.h; sourceTree = "<group>"; };
		FB7AC3E7226D9B580090F90E /* PALagMonitor.m */ = {isa = PBXFileReference; lastKnownFileType = sourcecode.c.objc; path = PALagMonitor.m; sourceTree = "<group>"; };
		FB7AC3ED227048980090F90E /* PASuspendResumeThread.h */ = {isa = PBXFileReference; lastKnownFileType = sourcecode.c.h; path = PASuspendResumeThread.h; sourceTree = "<group>"; };
		FB7AC3EE227048980090F90E /* PASuspendResumeThread.m */ = {isa = PBXFileReference; lastKnownFileType = sourcecode.c.objc; path = PASuspendResumeThread.m; sourceTree = "<group>"; };
/* End PBXFileReference section */

/* Begin PBXFrameworksBuildPhase section */
		FB7AC3A022687E590090F90E /* Frameworks */ = {
			isa = PBXFrameworksBuildPhase;
			buildActionMask = 2147483647;
			files = (
			);
			runOnlyForDeploymentPostprocessing = 0;
		};
/* End PBXFrameworksBuildPhase section */

/* Begin PBXGroup section */
		FB7AC39A22687E590090F90E = {
			isa = PBXGroup;
			children = (
				FB7AC3A522687E590090F90E /* PAMonitor */,
				FB7AC3A422687E590090F90E /* Products */,
			);
			sourceTree = "<group>";
		};
		FB7AC3A422687E590090F90E /* Products */ = {
			isa = PBXGroup;
			children = (
				FB7AC3A322687E590090F90E /* PAMonitor.app */,
			);
			name = Products;
			sourceTree = "<group>";
		};
		FB7AC3A522687E590090F90E /* PAMonitor */ = {
			isa = PBXGroup;
			children = (
				FB7AC3C5226D5CC50090F90E /* Vendor */,
				FB7AC3BC22687E750090F90E /* PAMonitor */,
				FB7AC3A622687E590090F90E /* AppDelegate.h */,
				FB7AC3A722687E590090F90E /* AppDelegate.m */,
				FB7AC3A922687E590090F90E /* ViewController.h */,
				FB7AC3AA22687E590090F90E /* ViewController.m */,
				FB7AC3AC22687E590090F90E /* Main.storyboard */,
				FB7AC3AF22687E5A0090F90E /* Assets.xcassets */,
				FB7AC3B122687E5A0090F90E /* LaunchScreen.storyboard */,
				FB7AC3B422687E5A0090F90E /* Info.plist */,
				FB7AC3B522687E5A0090F90E /* main.m */,
				FB7AC3C0226D513A0090F90E /* PAMonitorPrefix.pch */,
			);
			path = PAMonitor;
			sourceTree = "<group>";
		};
		FB7AC3BC22687E750090F90E /* PAMonitor */ = {
			isa = PBXGroup;
			children = (
				FB7AC3BD2269C5A40090F90E /* PACPUMonitor.h */,
				FB7AC3BE2269C5A40090F90E /* PACPUMonitor.m */,
				FB7AC3C1226D56990090F90E /* PACallLib.h */,
				FB7AC3C2226D56DC0090F90E /* PACallStack.h */,
				FB7AC3C3226D56DC0090F90E /* PACallStack.m */,
				FB7AC3D7226D5E320090F90E /* PACallStackModel.h */,
				FB7AC3D8226D5E320090F90E /* PACallStackModel.m */,
				FB7AC3DA226D5ED90090F90E /* PALagDB.h */,
				FB7AC3DB226D5ED90090F90E /* PALagDB.m */,
				FB7AC3DD226D5FCF0090F90E /* PACallTraceTimeCostModel.h */,
				FB7AC3DE226D5FCF0090F90E /* PACallTraceTimeCostModel.m */,
				FB7AC3E0226D96E50090F90E /* PACallTraceCore.h */,
				FB7AC3E1226D96E50090F90E /* PACallTraceCore.c */,
				FB7AC3E3226D97B70090F90E /* PACallTrace.h */,
				FB7AC3E4226D97B70090F90E /* PACallTrace.m */,
				FB7AC3E6226D9B580090F90E /* PALagMonitor.h */,
				FB7AC3E7226D9B580090F90E /* PALagMonitor.m */,
				FB7AC3ED227048980090F90E /* PASuspendResumeThread.h */,
				FB7AC3EE227048980090F90E /* PASuspendResumeThread.m */,
			);
			path = PAMonitor;
			sourceTree = "<group>";
		};
		FB7AC3C5226D5CC50090F90E /* Vendor */ = {
			isa = PBXGroup;
			children = (
				FB7AC3C6226D5CC50090F90E /* fmdb */,
			);
			path = Vendor;
			sourceTree = "<group>";
		};
		FB7AC3C6226D5CC50090F90E /* fmdb */ = {
			isa = PBXGroup;
			children = (
				FB7AC3C7226D5CC50090F90E /* FMDatabase.h */,
				FB7AC3C8226D5CC50090F90E /* FMDatabaseQueue.m */,
				FB7AC3C9226D5CC50090F90E /* FMResultSet.h */,
				FB7AC3CA226D5CC50090F90E /* FMDatabasePool.h */,
				FB7AC3CB226D5CC50090F90E /* FMDatabaseAdditions.m */,
				FB7AC3CC226D5CC50090F90E /* FMDatabase.m */,
				FB7AC3CD226D5CC50090F90E /* FMDatabaseQueue.h */,
				FB7AC3CE226D5CC50090F90E /* FMDB.h */,
				FB7AC3CF226D5CC50090F90E /* FMDatabaseAdditions.h */,
				FB7AC3D0226D5CC50090F90E /* FMDatabasePool.m */,
				FB7AC3D1226D5CC50090F90E /* FMResultSet.m */,
			);
			path = fmdb;
			sourceTree = "<group>";
		};
/* End PBXGroup section */

/* Begin PBXNativeTarget section */
		FB7AC3A222687E590090F90E /* PAMonitor */ = {
			isa = PBXNativeTarget;
			buildConfigurationList = FB7AC3B922687E5A0090F90E /* Build configuration list for PBXNativeTarget "PAMonitor" */;
			buildPhases = (
				FB7AC39F22687E590090F90E /* Sources */,
				FB7AC3A022687E590090F90E /* Frameworks */,
				FB7AC3A122687E590090F90E /* Resources */,
			);
			buildRules = (
			);
			dependencies = (
			);
			name = PAMonitor;
			productName = PAMonitor;
			productReference = FB7AC3A322687E590090F90E /* PAMonitor.app */;
			productType = "com.apple.product-type.application";
		};
/* End PBXNativeTarget section */

/* Begin PBXProject section */
		FB7AC39B22687E590090F90E /* Project object */ = {
			isa = PBXProject;
			attributes = {
				LastUpgradeCheck = 1000;
				ORGANIZATIONNAME = "史贵岭";
				TargetAttributes = {
					FB7AC3A222687E590090F90E = {
						CreatedOnToolsVersion = 10.0;
					};
				};
			};
			buildConfigurationList = FB7AC39E22687E590090F90E /* Build configuration list for PBXProject "PAMonitor" */;
			compatibilityVersion = "Xcode 9.3";
			developmentRegion = en;
			hasScannedForEncodings = 0;
			knownRegions = (
				en,
				Base,
			);
			mainGroup = FB7AC39A22687E590090F90E;
			productRefGroup = FB7AC3A422687E590090F90E /* Products */;
			projectDirPath = "";
			projectRoot = "";
			targets = (
				FB7AC3A222687E590090F90E /* PAMonitor */,
			);
		};
/* End PBXProject section */

/* Begin PBXResourcesBuildPhase section */
		FB7AC3A122687E590090F90E /* Resources */ = {
			isa = PBXResourcesBuildPhase;
			buildActionMask = 2147483647;
			files = (
				FB7AC3B322687E5A0090F90E /* LaunchScreen.storyboard in Resources */,
				FB7AC3B022687E5A0090F90E /* Assets.xcassets in Resources */,
				FB7AC3AE22687E590090F90E /* Main.storyboard in Resources */,
			);
			runOnlyForDeploymentPostprocessing = 0;
		};
/* End PBXResourcesBuildPhase section */

/* Begin PBXSourcesBuildPhase section */
		FB7AC39F22687E590090F90E /* Sources */ = {
			isa = PBXSourcesBuildPhase;
			buildActionMask = 2147483647;
			files = (
				FB7AC3EF227048980090F90E /* PASuspendResumeThread.m in Sources */,
				FB7AC3AB22687E590090F90E /* ViewController.m in Sources */,
				FB7AC3E2226D96E50090F90E /* PACallTraceCore.c in Sources */,
				FB7AC3C4226D56DC0090F90E /* PACallStack.m in Sources */,
				FB7AC3B622687E5A0090F90E /* main.m in Sources */,
				FB7AC3BF2269C5A40090F90E /* PACPUMonitor.m in Sources */,
				FB7AC3D6226D5CC50090F90E /* FMResultSet.m in Sources */,
				FB7AC3E8226D9B580090F90E /* PALagMonitor.m in Sources */,
				FB7AC3D5226D5CC50090F90E /* FMDatabasePool.m in Sources */,
				FB7AC3A822687E590090F90E /* AppDelegate.m in Sources */,
				FB7AC3DC226D5ED90090F90E /* PALagDB.m in Sources */,
				FB7AC3D3226D5CC50090F90E /* FMDatabaseAdditions.m in Sources */,
				FB7AC3D2226D5CC50090F90E /* FMDatabaseQueue.m in Sources */,
				FB7AC3D9226D5E320090F90E /* PACallStackModel.m in Sources */,
				FB7AC3DF226D5FCF0090F90E /* PACallTraceTimeCostModel.m in Sources */,
				FB7AC3D4226D5CC50090F90E /* FMDatabase.m in Sources */,
				FB7AC3E5226D97B70090F90E /* PACallTrace.m in Sources */,
			);
			runOnlyForDeploymentPostprocessing = 0;
		};
/* End PBXSourcesBuildPhase section */

/* Begin PBXVariantGroup section */
		FB7AC3AC22687E590090F90E /* Main.storyboard */ = {
			isa = PBXVariantGroup;
			children = (
				FB7AC3AD22687E590090F90E /* Base */,
			);
			name = Main.storyboard;
			sourceTree = "<group>";
		};
		FB7AC3B122687E5A0090F90E /* LaunchScreen.storyboard */ = {
			isa = PBXVariantGroup;
			children = (
				FB7AC3B222687E5A0090F90E /* Base */,
			);
			name = LaunchScreen.storyboard;
			sourceTree = "<group>";
		};
/* End PBXVariantGroup section */

/* Begin XCBuildConfiguration section */
		FB7AC3B722687E5A0090F90E /* Debug */ = {
			isa = XCBuildConfiguration;
			buildSettings = {
				ALWAYS_SEARCH_USER_PATHS = NO;
				CLANG_ANALYZER_NONNULL = YES;
				CLANG_ANALYZER_NUMBER_OBJECT_CONVERSION = YES_AGGRESSIVE;
				CLANG_CXX_LANGUAGE_STANDARD = "gnu++14";
				CLANG_CXX_LIBRARY = "libc++";
				CLANG_ENABLE_MODULES = YES;
				CLANG_ENABLE_OBJC_ARC = YES;
				CLANG_ENABLE_OBJC_WEAK = YES;
				CLANG_WARN_BLOCK_CAPTURE_AUTORELEASING = YES;
				CLANG_WARN_BOOL_CONVERSION = YES;
				CLANG_WARN_COMMA = YES;
				CLANG_WARN_CONSTANT_CONVERSION = YES;
				CLANG_WARN_DEPRECATED_OBJC_IMPLEMENTATIONS = YES;
				CLANG_WARN_DIRECT_OBJC_ISA_USAGE = YES_ERROR;
				CLANG_WARN_DOCUMENTATION_COMMENTS = YES;
				CLANG_WARN_EMPTY_BODY = YES;
				CLANG_WARN_ENUM_CONVERSION = YES;
				CLANG_WARN_INFINITE_RECURSION = YES;
				CLANG_WARN_INT_CONVERSION = YES;
				CLANG_WARN_NON_LITERAL_NULL_CONVERSION = YES;
				CLANG_WARN_OBJC_IMPLICIT_RETAIN_SELF = YES;
				CLANG_WARN_OBJC_LITERAL_CONVERSION = YES;
				CLANG_WARN_OBJC_ROOT_CLASS = YES_ERROR;
				CLANG_WARN_RANGE_LOOP_ANALYSIS = YES;
				CLANG_WARN_STRICT_PROTOTYPES = YES;
				CLANG_WARN_SUSPICIOUS_MOVE = YES;
				CLANG_WARN_UNGUARDED_AVAILABILITY = YES_AGGRESSIVE;
				CLANG_WARN_UNREACHABLE_CODE = YES;
				CLANG_WARN__DUPLICATE_METHOD_MATCH = YES;
				CODE_SIGN_IDENTITY = "iPhone Developer";
				COPY_PHASE_STRIP = NO;
				DEBUG_INFORMATION_FORMAT = dwarf;
				ENABLE_STRICT_OBJC_MSGSEND = YES;
				ENABLE_TESTABILITY = YES;
				GCC_C_LANGUAGE_STANDARD = gnu11;
				GCC_DYNAMIC_NO_PIC = NO;
				GCC_NO_COMMON_BLOCKS = YES;
				GCC_OPTIMIZATION_LEVEL = 0;
				GCC_PREPROCESSOR_DEFINITIONS = (
					"DEBUG=1",
					"$(inherited)",
				);
				GCC_WARN_64_TO_32_BIT_CONVERSION = YES;
				GCC_WARN_ABOUT_RETURN_TYPE = YES_ERROR;
				GCC_WARN_UNDECLARED_SELECTOR = YES;
				GCC_WARN_UNINITIALIZED_AUTOS = YES_AGGRESSIVE;
				GCC_WARN_UNUSED_FUNCTION = YES;
				GCC_WARN_UNUSED_VARIABLE = YES;
				IPHONEOS_DEPLOYMENT_TARGET = 12.0;
				MTL_ENABLE_DEBUG_INFO = INCLUDE_SOURCE;
				MTL_FAST_MATH = YES;
				ONLY_ACTIVE_ARCH = YES;
				SDKROOT = iphoneos;
			};
			name = Debug;
		};
		FB7AC3B822687E5A0090F90E /* Release */ = {
			isa = XCBuildConfiguration;
			buildSettings = {
				ALWAYS_SEARCH_USER_PATHS = NO;
				CLANG_ANALYZER_NONNULL = YES;
				CLANG_ANALYZER_NUMBER_OBJECT_CONVERSION = YES_AGGRESSIVE;
				CLANG_CXX_LANGUAGE_STANDARD = "gnu++14";
				CLANG_CXX_LIBRARY = "libc++";
				CLANG_ENABLE_MODULES = YES;
				CLANG_ENABLE_OBJC_ARC = YES;
				CLANG_ENABLE_OBJC_WEAK = YES;
				CLANG_WARN_BLOCK_CAPTURE_AUTORELEASING = YES;
				CLANG_WARN_BOOL_CONVERSION = YES;
				CLANG_WARN_COMMA = YES;
				CLANG_WARN_CONSTANT_CONVERSION = YES;
				CLANG_WARN_DEPRECATED_OBJC_IMPLEMENTATIONS = YES;
				CLANG_WARN_DIRECT_OBJC_ISA_USAGE = YES_ERROR;
				CLANG_WARN_DOCUMENTATION_COMMENTS = YES;
				CLANG_WARN_EMPTY_BODY = YES;
				CLANG_WARN_ENUM_CONVERSION = YES;
				CLANG_WARN_INFINITE_RECURSION = YES;
				CLANG_WARN_INT_CONVERSION = YES;
				CLANG_WARN_NON_LITERAL_NULL_CONVERSION = YES;
				CLANG_WARN_OBJC_IMPLICIT_RETAIN_SELF = YES;
				CLANG_WARN_OBJC_LITERAL_CONVERSION = YES;
				CLANG_WARN_OBJC_ROOT_CLASS = YES_ERROR;
				CLANG_WARN_RANGE_LOOP_ANALYSIS = YES;
				CLANG_WARN_STRICT_PROTOTYPES = YES;
				CLANG_WARN_SUSPICIOUS_MOVE = YES;
				CLANG_WARN_UNGUARDED_AVAILABILITY = YES_AGGRESSIVE;
				CLANG_WARN_UNREACHABLE_CODE = YES;
				CLANG_WARN__DUPLICATE_METHOD_MATCH = YES;
				CODE_SIGN_IDENTITY = "iPhone Developer";
				COPY_PHASE_STRIP = NO;
				DEBUG_INFORMATION_FORMAT = "dwarf-with-dsym";
				ENABLE_NS_ASSERTIONS = NO;
				ENABLE_STRICT_OBJC_MSGSEND = YES;
				GCC_C_LANGUAGE_STANDARD = gnu11;
				GCC_NO_COMMON_BLOCKS = YES;
				GCC_WARN_64_TO_32_BIT_CONVERSION = YES;
				GCC_WARN_ABOUT_RETURN_TYPE = YES_ERROR;
				GCC_WARN_UNDECLARED_SELECTOR = YES;
				GCC_WARN_UNINITIALIZED_AUTOS = YES_AGGRESSIVE;
				GCC_WARN_UNUSED_FUNCTION = YES;
				GCC_WARN_UNUSED_VARIABLE = YES;
				IPHONEOS_DEPLOYMENT_TARGET = 12.0;
				MTL_ENABLE_DEBUG_INFO = NO;
				MTL_FAST_MATH = YES;
				SDKROOT = iphoneos;
				VALIDATE_PRODUCT = YES;
			};
			name = Release;
		};
		FB7AC3BA22687E5A0090F90E /* Debug */ = {
			isa = XCBuildConfiguration;
			buildSettings = {
				ASSETCATALOG_COMPILER_APPICON_NAME = AppIcon;
				CODE_SIGN_STYLE = Automatic;
				DEVELOPMENT_TEAM = 3S2A6MZ3BK;
				GCC_PRECOMPILE_PREFIX_HEADER = YES;
				GCC_PREFIX_HEADER = PAMonitor/PAMonitorPrefix.pch;
				INFOPLIST_FILE = PAMonitor/Info.plist;
				LD_RUNPATH_SEARCH_PATHS = (
					"$(inherited)",
					"@executable_path/Frameworks",
				);
				PRODUCT_BUNDLE_IDENTIFIER = com.pingan.SkyEyePublic.PAMonitor;
				PRODUCT_NAME = "$(TARGET_NAME)";
				TARGETED_DEVICE_FAMILY = "1,2";
			};
			name = Debug;
		};
		FB7AC3BB22687E5A0090F90E /* Release */ = {
			isa = XCBuildConfiguration;
			buildSettings = {
				ASSETCATALOG_COMPILER_APPICON_NAME = AppIcon;
				CODE_SIGN_STYLE = Automatic;
				DEVELOPMENT_TEAM = 3S2A6MZ3BK;
				GCC_PRECOMPILE_PREFIX_HEADER = YES;
				GCC_PREFIX_HEADER = PAMonitor/PAMonitorPrefix.pch;
				INFOPLIST_FILE = PAMonitor/Info.plist;
				LD_RUNPATH_SEARCH_PATHS = (
					"$(inherited)",
					"@executable_path/Frameworks",
				);
				PRODUCT_BUNDLE_IDENTIFIER = com.pingan.SkyEyePublic.PAMonitor;
				PRODUCT_NAME = "$(TARGET_NAME)";
				TARGETED_DEVICE_FAMILY = "1,2";
			};
			name = Release;
		};
/* End XCBuildConfiguration section */

/* Begin XCConfigurationList section */
		FB7AC39E22687E590090F90E /* Build configuration list for PBXProject "PAMonitor" */ = {
			isa = XCConfigurationList;
			buildConfigurations = (
				FB7AC3B722687E5A0090F90E /* Debug */,
				FB7AC3B822687E5A0090F90E /* Release */,
			);
			defaultConfigurationIsVisible = 0;
			defaultConfigurationName = Release;
		};
		FB7AC3B922687E5A0090F90E /* Build configuration list for PBXNativeTarget "PAMonitor" */ = {
			isa = XCConfigurationList;
			buildConfigurations = (
				FB7AC3BA22687E5A0090F90E /* Debug */,
				FB7AC3BB22687E5A0090F90E /* Release */,
			);
			defaultConfigurationIsVisible = 0;
			defaultConfigurationName = Release;
		};
/* End XCConfigurationList section */
	};
	rootObject = FB7AC39B22687E590090F90E /* Project object */;
}
